// !$*UTF8*$!
{
	archiveVersion = 1;
	classes = {
	};
	objectVersion = 56;
	objects = {

/* Begin PBXBuildFile section */
		2CFEE3682A17718800A936E9 /* AppDelegate.swift in Sources */ = {isa = PBXBuildFile; fileRef = 2CFEE3672A17718800A936E9 /* AppDelegate.swift */; };
		2CFEE36A2A17718800A936E9 /* SceneDelegate.swift in Sources */ = {isa = PBXBuildFile; fileRef = 2CFEE3692A17718800A936E9 /* SceneDelegate.swift */; };
		2CFEE36C2A17718800A936E9 /* NewLocationViewController.swift in Sources */ = {isa = PBXBuildFile; fileRef = 2CFEE36B2A17718800A936E9 /* NewLocationViewController.swift */; };
		2CFEE36F2A17718800A936E9 /* Main.storyboard in Resources */ = {isa = PBXBuildFile; fileRef = 2CFEE36D2A17718800A936E9 /* Main.storyboard */; };
		2CFEE3722A17718800A936E9 /* MapList.xcdatamodeld in Sources */ = {isa = PBXBuildFile; fileRef = 2CFEE3702A17718800A936E9 /* MapList.xcdatamodeld */; };
		2CFEE3742A17718900A936E9 /* Assets.xcassets in Resources */ = {isa = PBXBuildFile; fileRef = 2CFEE3732A17718900A936E9 /* Assets.xcassets */; };
		2CFEE3772A17718900A936E9 /* LaunchScreen.storyboard in Resources */ = {isa = PBXBuildFile; fileRef = 2CFEE3752A17718900A936E9 /* LaunchScreen.storyboard */; };
		2CFEE3822A1780B400A936E9 /* ListViewController.swift in Sources */ = {isa = PBXBuildFile; fileRef = 2CFEE3812A1780B400A936E9 /* ListViewController.swift */; };
		2CFEE3842A178B0C00A936E9 /* AddedLocationViewController.swift in Sources */ = {isa = PBXBuildFile; fileRef = 2CFEE3832A178B0C00A936E9 /* AddedLocationViewController.swift */; };
/* End PBXBuildFile section */

/* Begin PBXFileReference section */
		2CFEE3642A17718800A936E9 /* MapList.app */ = {isa = PBXFileReference; explicitFileType = wrapper.application; includeInIndex = 0; path = MapList.app; sourceTree = BUILT_PRODUCTS_DIR; };
		2CFEE3672A17718800A936E9 /* AppDelegate.swift */ = {isa = PBXFileReference; lastKnownFileType = sourcecode.swift; path = AppDelegate.swift; sourceTree = "<group>"; };
		2CFEE3692A17718800A936E9 /* SceneDelegate.swift */ = {isa = PBXFileReference; lastKnownFileType = sourcecode.swift; path = SceneDelegate.swift; sourceTree = "<group>"; };
		2CFEE36B2A17718800A936E9 /* NewLocationViewController.swift */ = {isa = PBXFileReference; lastKnownFileType = sourcecode.swift; path = NewLocationViewController.swift; sourceTree = "<group>"; };
		2CFEE36E2A17718800A936E9 /* Base */ = {isa = PBXFileReference; lastKnownFileType = file.storyboard; name = Base; path = Base.lproj/Main.storyboard; sourceTree = "<group>"; };
		2CFEE3712A17718800A936E9 /* MapList.xcdatamodel */ = {isa = PBXFileReference; lastKnownFileType = wrapper.xcdatamodel; path = MapList.xcdatamodel; sourceTree = "<group>"; };
		2CFEE3732A17718900A936E9 /* Assets.xcassets */ = {isa = PBXFileReference; lastKnownFileType = folder.assetcatalog; path = Assets.xcassets; sourceTree = "<group>"; };
		2CFEE3762A17718900A936E9 /* Base */ = {isa = PBXFileReference; lastKnownFileType = file.storyboard; name = Base; path = Base.lproj/LaunchScreen.storyboard; sourceTree = "<group>"; };
		2CFEE3782A17718900A936E9 /* Info.plist */ = {isa = PBXFileReference; lastKnownFileType = text.plist.xml; path = Info.plist; sourceTree = "<group>"; };
		2CFEE3812A1780B400A936E9 /* ListViewController.swift */ = {isa = PBXFileReference; lastKnownFileType = sourcecode.swift; path = ListViewController.swift; sourceTree = "<group>"; };
		2CFEE3832A178B0C00A936E9 /* AddedLocationViewController.swift */ = {isa = PBXFileReference; lastKnownFileType = sourcecode.swift; path = AddedLocationViewController.swift; sourceTree = "<group>"; };
/* End PBXFileReference section */

/* Begin PBXFrameworksBuildPhase section */
		2CFEE3612A17718800A936E9 /* Frameworks */ = {
			isa = PBXFrameworksBuildPhase;
			buildActionMask = 2147483647;
			files = (
			);
			runOnlyForDeploymentPostprocessing = 0;
		};
/* End PBXFrameworksBuildPhase section */

/* Begin PBXGroup section */
		2CFEE35B2A17718800A936E9 = {
			isa = PBXGroup;
			children = (
				2CFEE3662A17718800A936E9 /* MapList */,
				2CFEE3652A17718800A936E9 /* Products */,
			);
			sourceTree = "<group>";
		};
		2CFEE3652A17718800A936E9 /* Products */ = {
			isa = PBXGroup;
			children = (
				2CFEE3642A17718800A936E9 /* MapList.app */,
			);
			name = Products;
			sourceTree = "<group>";
		};
		2CFEE3662A17718800A936E9 /* MapList */ = {
			isa = PBXGroup;
			children = (
				2CFEE3802A17725900A936E9 /* Controllers */,
				2CFEE37F2A17724E00A936E9 /* View */,
				2CFEE37E2A17723E00A936E9 /* Supporting Files */,
			);
			path = MapList;
			sourceTree = "<group>";
		};
		2CFEE37E2A17723E00A936E9 /* Supporting Files */ = {
			isa = PBXGroup;
			children = (
				2CFEE3672A17718800A936E9 /* AppDelegate.swift */,
				2CFEE3692A17718800A936E9 /* SceneDelegate.swift */,
				2CFEE3732A17718900A936E9 /* Assets.xcassets */,
				2CFEE3752A17718900A936E9 /* LaunchScreen.storyboard */,
				2CFEE3782A17718900A936E9 /* Info.plist */,
				2CFEE3702A17718800A936E9 /* MapList.xcdatamodeld */,
			);
			name = "Supporting Files";
			sourceTree = "<group>";
		};
		2CFEE37F2A17724E00A936E9 /* View */ = {
			isa = PBXGroup;
			children = (
				2CFEE36D2A17718800A936E9 /* Main.storyboard */,
			);
			name = View;
			sourceTree = "<group>";
		};
		2CFEE3802A17725900A936E9 /* Controllers */ = {
			isa = PBXGroup;
			children = (
				2CFEE36B2A17718800A936E9 /* NewLocationViewController.swift */,
				2CFEE3812A1780B400A936E9 /* ListViewController.swift */,
				2CFEE3832A178B0C00A936E9 /* AddedLocationViewController.swift */,
			);
			path = Controllers;
			sourceTree = "<group>";
		};
/* End PBXGroup section */

/* Begin PBXNativeTarget section */
		2CFEE3632A17718800A936E9 /* MapList */ = {
			isa = PBXNativeTarget;
			buildConfigurationList = 2CFEE37B2A17718900A936E9 /* Build configuration list for PBXNativeTarget "MapList" */;
			buildPhases = (
				2CFEE3602A17718800A936E9 /* Sources */,
				2CFEE3612A17718800A936E9 /* Frameworks */,
				2CFEE3622A17718800A936E9 /* Resources */,
			);
			buildRules = (
			);
			dependencies = (
			);
			name = MapList;
			productName = MapList;
			productReference = 2CFEE3642A17718800A936E9 /* MapList.app */;
			productType = "com.apple.product-type.application";
		};
/* End PBXNativeTarget section */

/* Begin PBXProject section */
		2CFEE35C2A17718800A936E9 /* Project object */ = {
			isa = PBXProject;
			attributes = {
				BuildIndependentTargetsInParallel = 1;
				LastSwiftUpdateCheck = 1430;
				LastUpgradeCheck = 1430;
				TargetAttributes = {
					2CFEE3632A17718800A936E9 = {
						CreatedOnToolsVersion = 14.3;
					};
				};
			};
			buildConfigurationList = 2CFEE35F2A17718800A936E9 /* Build configuration list for PBXProject "MapList" */;
			compatibilityVersion = "Xcode 14.0";
			developmentRegion = en;
			hasScannedForEncodings = 0;
			knownRegions = (
				en,
				Base,
			);
			mainGroup = 2CFEE35B2A17718800A936E9;
			productRefGroup = 2CFEE3652A17718800A936E9 /* Products */;
			projectDirPath = "";
			projectRoot = "";
			targets = (
				2CFEE3632A17718800A936E9 /* MapList */,
			);
		};
/* End PBXProject section */

/* Begin PBXResourcesBuildPhase section */
		2CFEE3622A17718800A936E9 /* Resources */ = {
			isa = PBXResourcesBuildPhase;
			buildActionMask = 2147483647;
			files = (
				2CFEE3772A17718900A936E9 /* LaunchScreen.storyboard in Resources */,
				2CFEE3742A17718900A936E9 /* Assets.xcassets in Resources */,
				2CFEE36F2A17718800A936E9 /* Main.storyboard in Resources */,
			);
			runOnlyForDeploymentPostprocessing = 0;
		};
/* End PBXResourcesBuildPhase section */

/* Begin PBXSourcesBuildPhase section */
		2CFEE3602A17718800A936E9 /* Sources */ = {
			isa = PBXSourcesBuildPhase;
			buildActionMask = 2147483647;
			files = (
				2CFEE36C2A17718800A936E9 /* NewLocationViewController.swift in Sources */,
				2CFEE3682A17718800A936E9 /* AppDelegate.swift in Sources */,
				2CFEE3842A178B0C00A936E9 /* AddedLocationViewController.swift in Sources */,
				2CFEE3722A17718800A936E9 /* MapList.xcdatamodeld in Sources */,
				2CFEE3822A1780B400A936E9 /* ListViewController.swift in Sources */,
				2CFEE36A2A17718800A936E9 /* SceneDelegate.swift in Sources */,
			);
			runOnlyForDeploymentPostprocessing = 0;
		};
/* End PBXSourcesBuildPhase section */

/* Begin PBXVariantGroup section */
		2CFEE36D2A17718800A936E9 /* Main.storyboard */ = {
			isa = PBXVariantGroup;
			children = (
				2CFEE36E2A17718800A936E9 /* Base */,
			);
			name = Main.storyboard;
			sourceTree = "<group>";
		};
		2CFEE3752A17718900A936E9 /* LaunchScreen.storyboard */ = {
			isa = PBXVariantGroup;
			children = (
				2CFEE3762A17718900A936E9 /* Base */,
			);
			name = LaunchScreen.storyboard;
			sourceTree = "<group>";
		};
/* End PBXVariantGroup section */

/* Begin XCBuildConfiguration section */
		2CFEE3792A17718900A936E9 /* Debug */ = {
			isa = XCBuildConfiguration;
			buildSettings = {
				ALWAYS_SEARCH_USER_PATHS = NO;
				CLANG_ANALYZER_NONNULL = YES;
				CLANG_ANALYZER_NUMBER_OBJECT_CONVERSION = YES_AGGRESSIVE;
				CLANG_CXX_LANGUAGE_STANDARD = "gnu++20";
				CLANG_ENABLE_MODULES = YES;
				CLANG_ENABLE_OBJC_ARC = YES;
				CLANG_ENABLE_OBJC_WEAK = YES;
				CLANG_WARN_BLOCK_CAPTURE_AUTORELEASING = YES;
				CLANG_WARN_BOOL_CONVERSION = YES;
				CLANG_WARN_COMMA = YES;
				CLANG_WARN_CONSTANT_CONVERSION = YES;
				CLANG_WARN_DEPRECATED_OBJC_IMPLEMENTATIONS = YES;
				CLANG_WARN_DIRECT_OBJC_ISA_USAGE = YES_ERROR;
				CLANG_WARN_DOCUMENTATION_COMMENTS = YES;
				CLANG_WARN_EMPTY_BODY = YES;
				CLANG_WARN_ENUM_CONVERSION = YES;
				CLANG_WARN_INFINITE_RECURSION = YES;
				CLANG_WARN_INT_CONVERSION = YES;
				CLANG_WARN_NON_LITERAL_NULL_CONVERSION = YES;
				CLANG_WARN_OBJC_IMPLICIT_RETAIN_SELF = YES;
				CLANG_WARN_OBJC_LITERAL_CONVERSION = YES;
				CLANG_WARN_OBJC_ROOT_CLASS = YES_ERROR;
				CLANG_WARN_QUOTED_INCLUDE_IN_FRAMEWORK_HEADER = YES;
				CLANG_WARN_RANGE_LOOP_ANALYSIS = YES;
				CLANG_WARN_STRICT_PROTOTYPES = YES;
				CLANG_WARN_SUSPICIOUS_MOVE = YES;
				CLANG_WARN_UNGUARDED_AVAILABILITY = YES_AGGRESSIVE;
				CLANG_WARN_UNREACHABLE_CODE = YES;
				CLANG_WARN__DUPLICATE_METHOD_MATCH = YES;
				COPY_PHASE_STRIP = NO;
				DEBUG_INFORMATION_FORMAT = dwarf;
				ENABLE_STRICT_OBJC_MSGSEND = YES;
				ENABLE_TESTABILITY = YES;
				GCC_C_LANGUAGE_STANDARD = gnu11;
				GCC_DYNAMIC_NO_PIC = NO;
				GCC_NO_COMMON_BLOCKS = YES;
				GCC_OPTIMIZATION_LEVEL = 0;
				GCC_PREPROCESSOR_DEFINITIONS = (
					"DEBUG=1",
					"$(inherited)",
				);
				GCC_WARN_64_TO_32_BIT_CONVERSION = YES;
				GCC_WARN_ABOUT_RETURN_TYPE = YES_ERROR;
				GCC_WARN_UNDECLARED_SELECTOR = YES;
				GCC_WARN_UNINITIALIZED_AUTOS = YES_AGGRESSIVE;
				GCC_WARN_UNUSED_FUNCTION = YES;
				GCC_WARN_UNUSED_VARIABLE = YES;
				IPHONEOS_DEPLOYMENT_TARGET = 16.4;
				MTL_ENABLE_DEBUG_INFO = INCLUDE_SOURCE;
				MTL_FAST_MATH = YES;
				ONLY_ACTIVE_ARCH = YES;
				SDKROOT = iphoneos;
				SWIFT_ACTIVE_COMPILATION_CONDITIONS = DEBUG;
				SWIFT_OPTIMIZATION_LEVEL = "-Onone";
			};
			name = Debug;
		};
		2CFEE37A2A17718900A936E9 /* Release */ = {
			isa = XCBuildConfiguration;
			buildSettings = {
				ALWAYS_SEARCH_USER_PATHS = NO;
				CLANG_ANALYZER_NONNULL = YES;
				CLANG_ANALYZER_NUMBER_OBJECT_CONVERSION = YES_AGGRESSIVE;
				CLANG_CXX_LANGUAGE_STANDARD = "gnu++20";
				CLANG_ENABLE_MODULES = YES;
				CLANG_ENABLE_OBJC_ARC = YES;
				CLANG_ENABLE_OBJC_WEAK = YES;
				CLANG_WARN_BLOCK_CAPTURE_AUTORELEASING = YES;
				CLANG_WARN_BOOL_CONVERSION = YES;
				CLANG_WARN_COMMA = YES;
				CLANG_WARN_CONSTANT_CONVERSION = YES;
				CLANG_WARN_DEPRECATED_OBJC_IMPLEMENTATIONS = YES;
				CLANG_WARN_DIRECT_OBJC_ISA_USAGE = YES_ERROR;
				CLANG_WARN_DOCUMENTATION_COMMENTS = YES;
				CLANG_WARN_EMPTY_BODY = YES;
				CLANG_WARN_ENUM_CONVERSION = YES;
				CLANG_WARN_INFINITE_RECURSION = YES;
				CLANG_WARN_INT_CONVERSION = YES;
				CLANG_WARN_NON_LITERAL_NULL_CONVERSION = YES;
				CLANG_WARN_OBJC_IMPLICIT_RETAIN_SELF = YES;
				CLANG_WARN_OBJC_LITERAL_CONVERSION = YES;
				CLANG_WARN_OBJC_ROOT_CLASS = YES_ERROR;
				CLANG_WARN_QUOTED_INCLUDE_IN_FRAMEWORK_HEADER = YES;
				CLANG_WARN_RANGE_LOOP_ANALYSIS = YES;
				CLANG_WARN_STRICT_PROTOTYPES = YES;
				CLANG_WARN_SUSPICIOUS_MOVE = YES;
				CLANG_WARN_UNGUARDED_AVAILABILITY = YES_AGGRESSIVE;
				CLANG_WARN_UNREACHABLE_CODE = YES;
				CLANG_WARN__DUPLICATE_METHOD_MATCH = YES;
				COPY_PHASE_STRIP = NO;
				DEBUG_INFORMATION_FORMAT = "dwarf-with-dsym";
				ENABLE_NS_ASSERTIONS = NO;
				ENABLE_STRICT_OBJC_MSGSEND = YES;
				GCC_C_LANGUAGE_STANDARD = gnu11;
				GCC_NO_COMMON_BLOCKS = YES;
				GCC_WARN_64_TO_32_BIT_CONVERSION = YES;
				GCC_WARN_ABOUT_RETURN_TYPE = YES_ERROR;
				GCC_WARN_UNDECLARED_SELECTOR = YES;
				GCC_WARN_UNINITIALIZED_AUTOS = YES_AGGRESSIVE;
				GCC_WARN_UNUSED_FUNCTION = YES;
				GCC_WARN_UNUSED_VARIABLE = YES;
				IPHONEOS_DEPLOYMENT_TARGET = 16.4;
				MTL_ENABLE_DEBUG_INFO = NO;
				MTL_FAST_MATH = YES;
				SDKROOT = iphoneos;
				SWIFT_COMPILATION_MODE = wholemodule;
				SWIFT_OPTIMIZATION_LEVEL = "-O";
				VALIDATE_PRODUCT = YES;
			};
			name = Release;
		};
		2CFEE37C2A17718900A936E9 /* Debug */ = {
			isa = XCBuildConfiguration;
			buildSettings = {
				ASSETCATALOG_COMPILER_APPICON_NAME = AppIcon;
				ASSETCATALOG_COMPILER_GLOBAL_ACCENT_COLOR_NAME = AccentColor;
				CODE_SIGN_STYLE = Automatic;
				CURRENT_PROJECT_VERSION = 1;
				DEVELOPMENT_TEAM = 593D4ZB4B5;
				GENERATE_INFOPLIST_FILE = YES;
				INFOPLIST_FILE = MapList/Info.plist;
				INFOPLIST_KEY_UIApplicationSupportsIndirectInputEvents = YES;
				INFOPLIST_KEY_UILaunchStoryboardName = LaunchScreen;
				INFOPLIST_KEY_UIMainStoryboardFile = Main;
				INFOPLIST_KEY_UISupportedInterfaceOrientations_iPad = "UIInterfaceOrientationPortrait UIInterfaceOrientationPortraitUpsideDown UIInterfaceOrientationLandscapeLeft UIInterfaceOrientationLandscapeRight";
				INFOPLIST_KEY_UISupportedInterfaceOrientations_iPhone = "UIInterfaceOrientationPortrait UIInterfaceOrientationLandscapeLeft UIInterfaceOrientationLandscapeRight";
				LD_RUNPATH_SEARCH_PATHS = (
					"$(inherited)",
					"@executable_path/Frameworks",
				);
				MARKETING_VERSION = 1.0;
				PRODUCT_BUNDLE_IDENTIFIER = furkan.MapList;
				PRODUCT_NAME = "$(TARGET_NAME)";
				SWIFT_EMIT_LOC_STRINGS = YES;
				SWIFT_VERSION = 5.0;
				TARGETED_DEVICE_FAMILY = "1,2";
			};
			name = Debug;
		};
		2CFEE37D2A17718900A936E9 /* Release */ = {
			isa = XCBuildConfiguration;
			buildSettings = {
				ASSETCATALOG_COMPILER_APPICON_NAME = AppIcon;
				ASSETCATALOG_COMPILER_GLOBAL_ACCENT_COLOR_NAME = AccentColor;
				CODE_SIGN_STYLE = Automatic;
				CURRENT_PROJECT_VERSION = 1;
				DEVELOPMENT_TEAM = 593D4ZB4B5;
				GENERATE_INFOPLIST_FILE = YES;
				INFOPLIST_FILE = MapList/Info.plist;
				INFOPLIST_KEY_UIApplicationSupportsIndirectInputEvents = YES;
				INFOPLIST_KEY_UILaunchStoryboardName = LaunchScreen;
				INFOPLIST_KEY_UIMainStoryboardFile = Main;
				INFOPLIST_KEY_UISupportedInterfaceOrientations_iPad = "UIInterfaceOrientationPortrait UIInterfaceOrientationPortraitUpsideDown UIInterfaceOrientationLandscapeLeft UIInterfaceOrientationLandscapeRight";
				INFOPLIST_KEY_UISupportedInterfaceOrientations_iPhone = "UIInterfaceOrientationPortrait UIInterfaceOrientationLandscapeLeft UIInterfaceOrientationLandscapeRight";
				LD_RUNPATH_SEARCH_PATHS = (
					"$(inherited)",
					"@executable_path/Frameworks",
				);
				MARKETING_VERSION = 1.0;
				PRODUCT_BUNDLE_IDENTIFIER = furkan.MapList;
				PRODUCT_NAME = "$(TARGET_NAME)";
				SWIFT_EMIT_LOC_STRINGS = YES;
				SWIFT_VERSION = 5.0;
				TARGETED_DEVICE_FAMILY = "1,2";
			};
			name = Release;
		};
/* End XCBuildConfiguration section */

/* Begin XCConfigurationList section */
		2CFEE35F2A17718800A936E9 /* Build configuration list for PBXProject "MapList" */ = {
			isa = XCConfigurationList;
			buildConfigurations = (
				2CFEE3792A17718900A936E9 /* Debug */,
				2CFEE37A2A17718900A936E9 /* Release */,
			);
			defaultConfigurationIsVisible = 0;
			defaultConfigurationName = Release;
		};
		2CFEE37B2A17718900A936E9 /* Build configuration list for PBXNativeTarget "MapList" */ = {
			isa = XCConfigurationList;
			buildConfigurations = (
				2CFEE37C2A17718900A936E9 /* Debug */,
				2CFEE37D2A17718900A936E9 /* Release */,
			);
			defaultConfigurationIsVisible = 0;
			defaultConfigurationName = Release;
		};
/* End XCConfigurationList section */

/* Begin XCVersionGroup section */
		2CFEE3702A17718800A936E9 /* MapList.xcdatamodeld */ = {
			isa = XCVersionGroup;
			children = (
				2CFEE3712A17718800A936E9 /* MapList.xcdatamodel */,
			);
			currentVersion = 2CFEE3712A17718800A936E9 /* MapList.xcdatamodel */;
			path = MapList.xcdatamodeld;
			sourceTree = "<group>";
			versionGroupType = wrapper.xcdatamodel;
		};
/* End XCVersionGroup section */
	};
	rootObject = 2CFEE35C2A17718800A936E9 /* Project object */;
}
